// !$*UTF8*$!
{
	archiveVersion = 1;
	classes = {
	};
	objectVersion = 56;
	objects = {

/* Begin PBXBuildFile section */
		26BF57BB2B79AED40060BF88 /* GarrettCardApp.swift in Sources */ = {isa = PBXBuildFile; fileRef = 26BF57BA2B79AED40060BF88 /* GarrettCardApp.swift */; };
		26BF57BD2B79AED40060BF88 /* ContentView.swift in Sources */ = {isa = PBXBuildFile; fileRef = 26BF57BC2B79AED40060BF88 /* ContentView.swift */; };
		26BF57BF2B79AED60060BF88 /* Assets.xcassets in Resources */ = {isa = PBXBuildFile; fileRef = 26BF57BE2B79AED60060BF88 /* Assets.xcassets */; };
		26BF57C22B79AED60060BF88 /* Preview Assets.xcassets in Resources */ = {isa = PBXBuildFile; fileRef = 26BF57C12B79AED60060BF88 /* Preview Assets.xcassets */; };
		26BF57CC2B79AED70060BF88 /* GarrettCardTests.swift in Sources */ = {isa = PBXBuildFile; fileRef = 26BF57CB2B79AED70060BF88 /* GarrettCardTests.swift */; };
		26BF57D62B79AED70060BF88 /* GarrettCardUITests.swift in Sources */ = {isa = PBXBuildFile; fileRef = 26BF57D52B79AED70060BF88 /* GarrettCardUITests.swift */; };
		26BF57D82B79AED70060BF88 /* GarrettCardUITestsLaunchTests.swift in Sources */ = {isa = PBXBuildFile; fileRef = 26BF57D72B79AED70060BF88 /* GarrettCardUITestsLaunchTests.swift */; };
/* End PBXBuildFile section */

/* Begin PBXContainerItemProxy section */
		26BF57C82B79AED70060BF88 /* PBXContainerItemProxy */ = {
			isa = PBXContainerItemProxy;
			containerPortal = 26BF57AF2B79AED40060BF88 /* Project object */;
			proxyType = 1;
			remoteGlobalIDString = 26BF57B62B79AED40060BF88;
			remoteInfo = GarrettCard;
		};
		26BF57D22B79AED70060BF88 /* PBXContainerItemProxy */ = {
			isa = PBXContainerItemProxy;
			containerPortal = 26BF57AF2B79AED40060BF88 /* Project object */;
			proxyType = 1;
			remoteGlobalIDString = 26BF57B62B79AED40060BF88;
			remoteInfo = GarrettCard;
		};
/* End PBXContainerItemProxy section */

/* Begin PBXFileReference section */
		26BF57B72B79AED40060BF88 /* GarrettCard.app */ = {isa = PBXFileReference; explicitFileType = wrapper.application; includeInIndex = 0; path = GarrettCard.app; sourceTree = BUILT_PRODUCTS_DIR; };
		26BF57BA2B79AED40060BF88 /* GarrettCardApp.swift */ = {isa = PBXFileReference; lastKnownFileType = sourcecode.swift; path = GarrettCardApp.swift; sourceTree = "<group>"; };
		26BF57BC2B79AED40060BF88 /* ContentView.swift */ = {isa = PBXFileReference; lastKnownFileType = sourcecode.swift; path = ContentView.swift; sourceTree = "<group>"; };
		26BF57BE2B79AED60060BF88 /* Assets.xcassets */ = {isa = PBXFileReference; lastKnownFileType = folder.assetcatalog; path = Assets.xcassets; sourceTree = "<group>"; };
		26BF57C12B79AED60060BF88 /* Preview Assets.xcassets */ = {isa = PBXFileReference; lastKnownFileType = folder.assetcatalog; path = "Preview Assets.xcassets"; sourceTree = "<group>"; };
		26BF57C72B79AED70060BF88 /* GarrettCardTests.xctest */ = {isa = PBXFileReference; explicitFileType = wrapper.cfbundle; includeInIndex = 0; path = GarrettCardTests.xctest; sourceTree = BUILT_PRODUCTS_DIR; };
		26BF57CB2B79AED70060BF88 /* GarrettCardTests.swift */ = {isa = PBXFileReference; lastKnownFileType = sourcecode.swift; path = GarrettCardTests.swift; sourceTree = "<group>"; };
		26BF57D12B79AED70060BF88 /* GarrettCardUITests.xctest */ = {isa = PBXFileReference; explicitFileType = wrapper.cfbundle; includeInIndex = 0; path = GarrettCardUITests.xctest; sourceTree = BUILT_PRODUCTS_DIR; };
		26BF57D52B79AED70060BF88 /* GarrettCardUITests.swift */ = {isa = PBXFileReference; lastKnownFileType = sourcecode.swift; path = GarrettCardUITests.swift; sourceTree = "<group>"; };
		26BF57D72B79AED70060BF88 /* GarrettCardUITestsLaunchTests.swift */ = {isa = PBXFileReference; lastKnownFileType = sourcecode.swift; path = GarrettCardUITestsLaunchTests.swift; sourceTree = "<group>"; };
/* End PBXFileReference section */

/* Begin PBXFrameworksBuildPhase section */
		26BF57B42B79AED40060BF88 /* Frameworks */ = {
			isa = PBXFrameworksBuildPhase;
			buildActionMask = 2147483647;
			files = (
			);
			runOnlyForDeploymentPostprocessing = 0;
		};
		26BF57C42B79AED70060BF88 /* Frameworks */ = {
			isa = PBXFrameworksBuildPhase;
			buildActionMask = 2147483647;
			files = (
			);
			runOnlyForDeploymentPostprocessing = 0;
		};
		26BF57CE2B79AED70060BF88 /* Frameworks */ = {
			isa = PBXFrameworksBuildPhase;
			buildActionMask = 2147483647;
			files = (
			);
			runOnlyForDeploymentPostprocessing = 0;
		};
/* End PBXFrameworksBuildPhase section */

/* Begin PBXGroup section */
		26BF57AE2B79AED40060BF88 = {
			isa = PBXGroup;
			children = (
				26BF57B92B79AED40060BF88 /* GarrettCard */,
				26BF57CA2B79AED70060BF88 /* GarrettCardTests */,
				26BF57D42B79AED70060BF88 /* GarrettCardUITests */,
				26BF57B82B79AED40060BF88 /* Products */,
			);
			sourceTree = "<group>";
		};
		26BF57B82B79AED40060BF88 /* Products */ = {
			isa = PBXGroup;
			children = (
				26BF57B72B79AED40060BF88 /* GarrettCard.app */,
				26BF57C72B79AED70060BF88 /* GarrettCardTests.xctest */,
				26BF57D12B79AED70060BF88 /* GarrettCardUITests.xctest */,
			);
			name = Products;
			sourceTree = "<group>";
		};
		26BF57B92B79AED40060BF88 /* GarrettCard */ = {
			isa = PBXGroup;
			children = (
				26BF57BA2B79AED40060BF88 /* GarrettCardApp.swift */,
				26BF57BC2B79AED40060BF88 /* ContentView.swift */,
				26BF57BE2B79AED60060BF88 /* Assets.xcassets */,
				26BF57C02B79AED60060BF88 /* Preview Content */,
			);
			path = GarrettCard;
			sourceTree = "<group>";
		};
		26BF57C02B79AED60060BF88 /* Preview Content */ = {
			isa = PBXGroup;
			children = (
				26BF57C12B79AED60060BF88 /* Preview Assets.xcassets */,
			);
			path = "Preview Content";
			sourceTree = "<group>";
		};
		26BF57CA2B79AED70060BF88 /* GarrettCardTests */ = {
			isa = PBXGroup;
			children = (
				26BF57CB2B79AED70060BF88 /* GarrettCardTests.swift */,
			);
			path = GarrettCardTests;
			sourceTree = "<group>";
		};
		26BF57D42B79AED70060BF88 /* GarrettCardUITests */ = {
			isa = PBXGroup;
			children = (
				26BF57D52B79AED70060BF88 /* GarrettCardUITests.swift */,
				26BF57D72B79AED70060BF88 /* GarrettCardUITestsLaunchTests.swift */,
			);
			path = GarrettCardUITests;
			sourceTree = "<group>";
		};
/* End PBXGroup section */

/* Begin PBXNativeTarget section */
		26BF57B62B79AED40060BF88 /* GarrettCard */ = {
			isa = PBXNativeTarget;
			buildConfigurationList = 26BF57DB2B79AED70060BF88 /* Build configuration list for PBXNativeTarget "GarrettCard" */;
			buildPhases = (
				26BF57B32B79AED40060BF88 /* Sources */,
				26BF57B42B79AED40060BF88 /* Frameworks */,
				26BF57B52B79AED40060BF88 /* Resources */,
			);
			buildRules = (
			);
			dependencies = (
			);
			name = GarrettCard;
			productName = GarrettCard;
			productReference = 26BF57B72B79AED40060BF88 /* GarrettCard.app */;
			productType = "com.apple.product-type.application";
		};
		26BF57C62B79AED70060BF88 /* GarrettCardTests */ = {
			isa = PBXNativeTarget;
			buildConfigurationList = 26BF57DE2B79AED70060BF88 /* Build configuration list for PBXNativeTarget "GarrettCardTests" */;
			buildPhases = (
				26BF57C32B79AED70060BF88 /* Sources */,
				26BF57C42B79AED70060BF88 /* Frameworks */,
				26BF57C52B79AED70060BF88 /* Resources */,
			);
			buildRules = (
			);
			dependencies = (
				26BF57C92B79AED70060BF88 /* PBXTargetDependency */,
			);
			name = GarrettCardTests;
			productName = GarrettCardTests;
			productReference = 26BF57C72B79AED70060BF88 /* GarrettCardTests.xctest */;
			productType = "com.apple.product-type.bundle.unit-test";
		};
		26BF57D02B79AED70060BF88 /* GarrettCardUITests */ = {
			isa = PBXNativeTarget;
			buildConfigurationList = 26BF57E12B79AED70060BF88 /* Build configuration list for PBXNativeTarget "GarrettCardUITests" */;
			buildPhases = (
				26BF57CD2B79AED70060BF88 /* Sources */,
				26BF57CE2B79AED70060BF88 /* Frameworks */,
				26BF57CF2B79AED70060BF88 /* Resources */,
			);
			buildRules = (
			);
			dependencies = (
				26BF57D32B79AED70060BF88 /* PBXTargetDependency */,
			);
			name = GarrettCardUITests;
			productName = GarrettCardUITests;
			productReference = 26BF57D12B79AED70060BF88 /* GarrettCardUITests.xctest */;
			productType = "com.apple.product-type.bundle.ui-testing";
		};
/* End PBXNativeTarget section */

/* Begin PBXProject section */
		26BF57AF2B79AED40060BF88 /* Project object */ = {
			isa = PBXProject;
			attributes = {
				BuildIndependentTargetsInParallel = 1;
				LastSwiftUpdateCheck = 1520;
				LastUpgradeCheck = 1520;
				TargetAttributes = {
					26BF57B62B79AED40060BF88 = {
						CreatedOnToolsVersion = 15.2;
					};
					26BF57C62B79AED70060BF88 = {
						CreatedOnToolsVersion = 15.2;
						TestTargetID = 26BF57B62B79AED40060BF88;
					};
					26BF57D02B79AED70060BF88 = {
						CreatedOnToolsVersion = 15.2;
						TestTargetID = 26BF57B62B79AED40060BF88;
					};
				};
			};
			buildConfigurationList = 26BF57B22B79AED40060BF88 /* Build configuration list for PBXProject "GarrettCard" */;
			compatibilityVersion = "Xcode 14.0";
			developmentRegion = en;
			hasScannedForEncodings = 0;
			knownRegions = (
				en,
				Base,
			);
			mainGroup = 26BF57AE2B79AED40060BF88;
			productRefGroup = 26BF57B82B79AED40060BF88 /* Products */;
			projectDirPath = "";
			projectRoot = "";
			targets = (
				26BF57B62B79AED40060BF88 /* GarrettCard */,
				26BF57C62B79AED70060BF88 /* GarrettCardTests */,
				26BF57D02B79AED70060BF88 /* GarrettCardUITests */,
			);
		};
/* End PBXProject section */

/* Begin PBXResourcesBuildPhase section */
		26BF57B52B79AED40060BF88 /* Resources */ = {
			isa = PBXResourcesBuildPhase;
			buildActionMask = 2147483647;
			files = (
				26BF57C22B79AED60060BF88 /* Preview Assets.xcassets in Resources */,
				26BF57BF2B79AED60060BF88 /* Assets.xcassets in Resources */,
			);
			runOnlyForDeploymentPostprocessing = 0;
		};
		26BF57C52B79AED70060BF88 /* Resources */ = {
			isa = PBXResourcesBuildPhase;
			buildActionMask = 2147483647;
			files = (
			);
			runOnlyForDeploymentPostprocessing = 0;
		};
		26BF57CF2B79AED70060BF88 /* Resources */ = {
			isa = PBXResourcesBuildPhase;
			buildActionMask = 2147483647;
			files = (
			);
			runOnlyForDeploymentPostprocessing = 0;
		};
/* End PBXResourcesBuildPhase section */

/* Begin PBXSourcesBuildPhase section */
		26BF57B32B79AED40060BF88 /* Sources */ = {
			isa = PBXSourcesBuildPhase;
			buildActionMask = 2147483647;
			files = (
				26BF57BD2B79AED40060BF88 /* ContentView.swift in Sources */,
				26BF57BB2B79AED40060BF88 /* GarrettCardApp.swift in Sources */,
			);
			runOnlyForDeploymentPostprocessing = 0;
		};
		26BF57C32B79AED70060BF88 /* Sources */ = {
			isa = PBXSourcesBuildPhase;
			buildActionMask = 2147483647;
			files = (
				26BF57CC2B79AED70060BF88 /* GarrettCardTests.swift in Sources */,
			);
			runOnlyForDeploymentPostprocessing = 0;
		};
		26BF57CD2B79AED70060BF88 /* Sources */ = {
			isa = PBXSourcesBuildPhase;
			buildActionMask = 2147483647;
			files = (
				26BF57D82B79AED70060BF88 /* GarrettCardUITestsLaunchTests.swift in Sources */,
				26BF57D62B79AED70060BF88 /* GarrettCardUITests.swift in Sources */,
			);
			runOnlyForDeploymentPostprocessing = 0;
		};
/* End PBXSourcesBuildPhase section */

/* Begin PBXTargetDependency section */
		26BF57C92B79AED70060BF88 /* PBXTargetDependency */ = {
			isa = PBXTargetDependency;
			target = 26BF57B62B79AED40060BF88 /* GarrettCard */;
			targetProxy = 26BF57C82B79AED70060BF88 /* PBXContainerItemProxy */;
		};
		26BF57D32B79AED70060BF88 /* PBXTargetDependency */ = {
			isa = PBXTargetDependency;
			target = 26BF57B62B79AED40060BF88 /* GarrettCard */;
			targetProxy = 26BF57D22B79AED70060BF88 /* PBXContainerItemProxy */;
		};
/* End PBXTargetDependency section */

/* Begin XCBuildConfiguration section */
		26BF57D92B79AED70060BF88 /* Debug */ = {
			isa = XCBuildConfiguration;
			buildSettings = {
				ALWAYS_SEARCH_USER_PATHS = NO;
				ASSETCATALOG_COMPILER_GENERATE_SWIFT_ASSET_SYMBOL_EXTENSIONS = YES;
				CLANG_ANALYZER_NONNULL = YES;
				CLANG_ANALYZER_NUMBER_OBJECT_CONVERSION = YES_AGGRESSIVE;
				CLANG_CXX_LANGUAGE_STANDARD = "gnu++20";
				CLANG_ENABLE_MODULES = YES;
				CLANG_ENABLE_OBJC_ARC = YES;
				CLANG_ENABLE_OBJC_WEAK = YES;
				CLANG_WARN_BLOCK_CAPTURE_AUTORELEASING = YES;
				CLANG_WARN_BOOL_CONVERSION = YES;
				CLANG_WARN_COMMA = YES;
				CLANG_WARN_CONSTANT_CONVERSION = YES;
				CLANG_WARN_DEPRECATED_OBJC_IMPLEMENTATIONS = YES;
				CLANG_WARN_DIRECT_OBJC_ISA_USAGE = YES_ERROR;
				CLANG_WARN_DOCUMENTATION_COMMENTS = YES;
				CLANG_WARN_EMPTY_BODY = YES;
				CLANG_WARN_ENUM_CONVERSION = YES;
				CLANG_WARN_INFINITE_RECURSION = YES;
				CLANG_WARN_INT_CONVERSION = YES;
				CLANG_WARN_NON_LITERAL_NULL_CONVERSION = YES;
				CLANG_WARN_OBJC_IMPLICIT_RETAIN_SELF = YES;
				CLANG_WARN_OBJC_LITERAL_CONVERSION = YES;
				CLANG_WARN_OBJC_ROOT_CLASS = YES_ERROR;
				CLANG_WARN_QUOTED_INCLUDE_IN_FRAMEWORK_HEADER = YES;
				CLANG_WARN_RANGE_LOOP_ANALYSIS = YES;
				CLANG_WARN_STRICT_PROTOTYPES = YES;
				CLANG_WARN_SUSPICIOUS_MOVE = YES;
				CLANG_WARN_UNGUARDED_AVAILABILITY = YES_AGGRESSIVE;
				CLANG_WARN_UNREACHABLE_CODE = YES;
				CLANG_WARN__DUPLICATE_METHOD_MATCH = YES;
				COPY_PHASE_STRIP = NO;
				DEBUG_INFORMATION_FORMAT = dwarf;
				ENABLE_STRICT_OBJC_MSGSEND = YES;
				ENABLE_TESTABILITY = YES;
				ENABLE_USER_SCRIPT_SANDBOXING = YES;
				GCC_C_LANGUAGE_STANDARD = gnu17;
				GCC_DYNAMIC_NO_PIC = NO;
				GCC_NO_COMMON_BLOCKS = YES;
				GCC_OPTIMIZATION_LEVEL = 0;
				GCC_PREPROCESSOR_DEFINITIONS = (
					"DEBUG=1",
					"$(inherited)",
				);
				GCC_WARN_64_TO_32_BIT_CONVERSION = YES;
				GCC_WARN_ABOUT_RETURN_TYPE = YES_ERROR;
				GCC_WARN_UNDECLARED_SELECTOR = YES;
				GCC_WARN_UNINITIALIZED_AUTOS = YES_AGGRESSIVE;
				GCC_WARN_UNUSED_FUNCTION = YES;
				GCC_WARN_UNUSED_VARIABLE = YES;
				IPHONEOS_DEPLOYMENT_TARGET = 17.2;
				LOCALIZATION_PREFERS_STRING_CATALOGS = YES;
				MTL_ENABLE_DEBUG_INFO = INCLUDE_SOURCE;
				MTL_FAST_MATH = YES;
				ONLY_ACTIVE_ARCH = YES;
				SDKROOT = iphoneos;
				SWIFT_ACTIVE_COMPILATION_CONDITIONS = "DEBUG $(inherited)";
				SWIFT_OPTIMIZATION_LEVEL = "-Onone";
			};
			name = Debug;
		};
		26BF57DA2B79AED70060BF88 /* Release */ = {
			isa = XCBuildConfiguration;
			buildSettings = {
				ALWAYS_SEARCH_USER_PATHS = NO;
				ASSETCATALOG_COMPILER_GENERATE_SWIFT_ASSET_SYMBOL_EXTENSIONS = YES;
				CLANG_ANALYZER_NONNULL = YES;
				CLANG_ANALYZER_NUMBER_OBJECT_CONVERSION = YES_AGGRESSIVE;
				CLANG_CXX_LANGUAGE_STANDARD = "gnu++20";
				CLANG_ENABLE_MODULES = YES;
				CLANG_ENABLE_OBJC_ARC = YES;
				CLANG_ENABLE_OBJC_WEAK = YES;
				CLANG_WARN_BLOCK_CAPTURE_AUTORELEASING = YES;
				CLANG_WARN_BOOL_CONVERSION = YES;
				CLANG_WARN_COMMA = YES;
				CLANG_WARN_CONSTANT_CONVERSION = YES;
				CLANG_WARN_DEPRECATED_OBJC_IMPLEMENTATIONS = YES;
				CLANG_WARN_DIRECT_OBJC_ISA_USAGE = YES_ERROR;
				CLANG_WARN_DOCUMENTATION_COMMENTS = YES;
				CLANG_WARN_EMPTY_BODY = YES;
				CLANG_WARN_ENUM_CONVERSION = YES;
				CLANG_WARN_INFINITE_RECURSION = YES;
				CLANG_WARN_INT_CONVERSION = YES;
				CLANG_WARN_NON_LITERAL_NULL_CONVERSION = YES;
				CLANG_WARN_OBJC_IMPLICIT_RETAIN_SELF = YES;
				CLANG_WARN_OBJC_LITERAL_CONVERSION = YES;
				CLANG_WARN_OBJC_ROOT_CLASS = YES_ERROR;
				CLANG_WARN_QUOTED_INCLUDE_IN_FRAMEWORK_HEADER = YES;
				CLANG_WARN_RANGE_LOOP_ANALYSIS = YES;
				CLANG_WARN_STRICT_PROTOTYPES = YES;
				CLANG_WARN_SUSPICIOUS_MOVE = YES;
				CLANG_WARN_UNGUARDED_AVAILABILITY = YES_AGGRESSIVE;
				CLANG_WARN_UNREACHABLE_CODE = YES;
				CLANG_WARN__DUPLICATE_METHOD_MATCH = YES;
				COPY_PHASE_STRIP = NO;
				DEBUG_INFORMATION_FORMAT = "dwarf-with-dsym";
				ENABLE_NS_ASSERTIONS = NO;
				ENABLE_STRICT_OBJC_MSGSEND = YES;
				ENABLE_USER_SCRIPT_SANDBOXING = YES;
				GCC_C_LANGUAGE_STANDARD = gnu17;
				GCC_NO_COMMON_BLOCKS = YES;
				GCC_WARN_64_TO_32_BIT_CONVERSION = YES;
				GCC_WARN_ABOUT_RETURN_TYPE = YES_ERROR;
				GCC_WARN_UNDECLARED_SELECTOR = YES;
				GCC_WARN_UNINITIALIZED_AUTOS = YES_AGGRESSIVE;
				GCC_WARN_UNUSED_FUNCTION = YES;
				GCC_WARN_UNUSED_VARIABLE = YES;
				IPHONEOS_DEPLOYMENT_TARGET = 17.2;
				LOCALIZATION_PREFERS_STRING_CATALOGS = YES;
				MTL_ENABLE_DEBUG_INFO = NO;
				MTL_FAST_MATH = YES;
				SDKROOT = iphoneos;
				SWIFT_COMPILATION_MODE = wholemodule;
				VALIDATE_PRODUCT = YES;
			};
			name = Release;
		};
		26BF57DC2B79AED70060BF88 /* Debug */ = {
			isa = XCBuildConfiguration;
			buildSettings = {
				ASSETCATALOG_COMPILER_APPICON_NAME = AppIcon;
				ASSETCATALOG_COMPILER_GLOBAL_ACCENT_COLOR_NAME = AccentColor;
				CODE_SIGN_STYLE = Automatic;
				CURRENT_PROJECT_VERSION = 1;
				DEVELOPMENT_ASSET_PATHS = "\"GarrettCard/Preview Content\"";
				ENABLE_PREVIEWS = YES;
				GENERATE_INFOPLIST_FILE = YES;
				INFOPLIST_KEY_UIApplicationSceneManifest_Generation = YES;
				INFOPLIST_KEY_UIApplicationSupportsIndirectInputEvents = YES;
				INFOPLIST_KEY_UILaunchScreen_Generation = YES;
				INFOPLIST_KEY_UISupportedInterfaceOrientations_iPad = "UIInterfaceOrientationPortrait UIInterfaceOrientationPortraitUpsideDown UIInterfaceOrientationLandscapeLeft UIInterfaceOrientationLandscapeRight";
				INFOPLIST_KEY_UISupportedInterfaceOrientations_iPhone = "UIInterfaceOrientationPortrait UIInterfaceOrientationLandscapeLeft UIInterfaceOrientationLandscapeRight";
				LD_RUNPATH_SEARCH_PATHS = (
					"$(inherited)",
					"@executable_path/Frameworks",
				);
				MARKETING_VERSION = 1.0;
				PRODUCT_BUNDLE_IDENTIFIER = "Garrett-Keyes.GarrettCard";
				PRODUCT_NAME = "$(TARGET_NAME)";
				SWIFT_EMIT_LOC_STRINGS = YES;
				SWIFT_VERSION = 5.0;
				TARGETED_DEVICE_FAMILY = "1,2";
			};
			name = Debug;
		};
		26BF57DD2B79AED70060BF88 /* Release */ = {
			isa = XCBuildConfiguration;
			buildSettings = {
				ASSETCATALOG_COMPILER_APPICON_NAME = AppIcon;
				ASSETCATALOG_COMPILER_GLOBAL_ACCENT_COLOR_NAME = AccentColor;
				CODE_SIGN_STYLE = Automatic;
				CURRENT_PROJECT_VERSION = 1;
				DEVELOPMENT_ASSET_PATHS = "\"GarrettCard/Preview Content\"";
				ENABLE_PREVIEWS = YES;
				GENERATE_INFOPLIST_FILE = YES;
				INFOPLIST_KEY_UIApplicationSceneManifest_Generation = YES;
				INFOPLIST_KEY_UIApplicationSupportsIndirectInputEvents = YES;
				INFOPLIST_KEY_UILaunchScreen_Generation = YES;
				INFOPLIST_KEY_UISupportedInterfaceOrientations_iPad = "UIInterfaceOrientationPortrait UIInterfaceOrientationPortraitUpsideDown UIInterfaceOrientationLandscapeLeft UIInterfaceOrientationLandscapeRight";
				INFOPLIST_KEY_UISupportedInterfaceOrientations_iPhone = "UIInterfaceOrientationPortrait UIInterfaceOrientationLandscapeLeft UIInterfaceOrientationLandscapeRight";
				LD_RUNPATH_SEARCH_PATHS = (
					"$(inherited)",
					"@executable_path/Frameworks",
				);
				MARKETING_VERSION = 1.0;
				PRODUCT_BUNDLE_IDENTIFIER = "Garrett-Keyes.GarrettCard";
				PRODUCT_NAME = "$(TARGET_NAME)";
				SWIFT_EMIT_LOC_STRINGS = YES;
				SWIFT_VERSION = 5.0;
				TARGETED_DEVICE_FAMILY = "1,2";
			};
			name = Release;
		};
		26BF57DF2B79AED70060BF88 /* Debug */ = {
			isa = XCBuildConfiguration;
			buildSettings = {
				ALWAYS_EMBED_SWIFT_STANDARD_LIBRARIES = YES;
				BUNDLE_LOADER = "$(TEST_HOST)";
				CODE_SIGN_STYLE = Automatic;
				CURRENT_PROJECT_VERSION = 1;
				GENERATE_INFOPLIST_FILE = YES;
				IPHONEOS_DEPLOYMENT_TARGET = 17.2;
				MARKETING_VERSION = 1.0;
				PRODUCT_BUNDLE_IDENTIFIER = "Garrett-Keyes.GarrettCardTests";
				PRODUCT_NAME = "$(TARGET_NAME)";
				SWIFT_EMIT_LOC_STRINGS = NO;
				SWIFT_VERSION = 5.0;
				TARGETED_DEVICE_FAMILY = "1,2";
				TEST_HOST = "$(BUILT_PRODUCTS_DIR)/GarrettCard.app/$(BUNDLE_EXECUTABLE_FOLDER_PATH)/GarrettCard";
			};
			name = Debug;
		};
		26BF57E02B79AED70060BF88 /* Release */ = {
			isa = XCBuildConfiguration;
			buildSettings = {
				ALWAYS_EMBED_SWIFT_STANDARD_LIBRARIES = YES;
				BUNDLE_LOADER = "$(TEST_HOST)";
				CODE_SIGN_STYLE = Automatic;
				CURRENT_PROJECT_VERSION = 1;
				GENERATE_INFOPLIST_FILE = YES;
				IPHONEOS_DEPLOYMENT_TARGET = 17.2;
				MARKETING_VERSION = 1.0;
				PRODUCT_BUNDLE_IDENTIFIER = "Garrett-Keyes.GarrettCardTests";
				PRODUCT_NAME = "$(TARGET_NAME)";
				SWIFT_EMIT_LOC_STRINGS = NO;
				SWIFT_VERSION = 5.0;
				TARGETED_DEVICE_FAMILY = "1,2";
				TEST_HOST = "$(BUILT_PRODUCTS_DIR)/GarrettCard.app/$(BUNDLE_EXECUTABLE_FOLDER_PATH)/GarrettCard";
			};
			name = Release;
		};
		26BF57E22B79AED70060BF88 /* Debug */ = {
			isa = XCBuildConfiguration;
			buildSettings = {
				ALWAYS_EMBED_SWIFT_STANDARD_LIBRARIES = YES;
				CODE_SIGN_STYLE = Automatic;
				CURRENT_PROJECT_VERSION = 1;
				GENERATE_INFOPLIST_FILE = YES;
				MARKETING_VERSION = 1.0;
				PRODUCT_BUNDLE_IDENTIFIER = "Garrett-Keyes.GarrettCardUITests";
				PRODUCT_NAME = "$(TARGET_NAME)";
				SWIFT_EMIT_LOC_STRINGS = NO;
				SWIFT_VERSION = 5.0;
				TARGETED_DEVICE_FAMILY = "1,2";
				TEST_TARGET_NAME = GarrettCard;
			};
			name = Debug;
		};
		26BF57E32B79AED70060BF88 /* Release */ = {
			isa = XCBuildConfiguration;
			buildSettings = {
				ALWAYS_EMBED_SWIFT_STANDARD_LIBRARIES = YES;
				CODE_SIGN_STYLE = Automatic;
				CURRENT_PROJECT_VERSION = 1;
				GENERATE_INFOPLIST_FILE = YES;
				MARKETING_VERSION = 1.0;
				PRODUCT_BUNDLE_IDENTIFIER = "Garrett-Keyes.GarrettCardUITests";
				PRODUCT_NAME = "$(TARGET_NAME)";
				SWIFT_EMIT_LOC_STRINGS = NO;
				SWIFT_VERSION = 5.0;
				TARGETED_DEVICE_FAMILY = "1,2";
				TEST_TARGET_NAME = GarrettCard;
			};
			name = Release;
		};
/* End XCBuildConfiguration section */

/* Begin XCConfigurationList section */
		26BF57B22B79AED40060BF88 /* Build configuration list for PBXProject "GarrettCard" */ = {
			isa = XCConfigurationList;
			buildConfigurations = (
				26BF57D92B79AED70060BF88 /* Debug */,
				26BF57DA2B79AED70060BF88 /* Release */,
			);
			defaultConfigurationIsVisible = 0;
			defaultConfigurationName = Release;
		};
		26BF57DB2B79AED70060BF88 /* Build configuration list for PBXNativeTarget "GarrettCard" */ = {
			isa = XCConfigurationList;
			buildConfigurations = (
				26BF57DC2B79AED70060BF88 /* Debug */,
				26BF57DD2B79AED70060BF88 /* Release */,
			);
			defaultConfigurationIsVisible = 0;
			defaultConfigurationName = Release;
		};
		26BF57DE2B79AED70060BF88 /* Build configuration list for PBXNativeTarget "GarrettCardTests" */ = {
			isa = XCConfigurationList;
			buildConfigurations = (
				26BF57DF2B79AED70060BF88 /* Debug */,
				26BF57E02B79AED70060BF88 /* Release */,
			);
			defaultConfigurationIsVisible = 0;
			defaultConfigurationName = Release;
		};
		26BF57E12B79AED70060BF88 /* Build configuration list for PBXNativeTarget "GarrettCardUITests" */ = {
			isa = XCConfigurationList;
			buildConfigurations = (
				26BF57E22B79AED70060BF88 /* Debug */,
				26BF57E32B79AED70060BF88 /* Release */,
			);
			defaultConfigurationIsVisible = 0;
			defaultConfigurationName = Release;
		};
/* End XCConfigurationList section */
	};
	rootObject = 26BF57AF2B79AED40060BF88 /* Project object */;
}
